
Microsoft Visual Studio Solution File, Format Version 12.00
# Visual Studio 15
VisualStudioVersion = 15.0.28010.2019
MinimumVisualStudioVersion = 10.0.40219.1
Project("{9A19103F-16F7-4668-BE54-9A1E7A4F7556}") = "InventorySales.Common", "InventorySales.Common\InventorySales.Common.csproj", "{23078646-36D7-4434-8511-2E03CE7600A8}"
EndProject
Project("{2150E333-8FDC-42A3-9474-1A3956D46DE8}") = "Shared", "Shared", "{5086176D-854C-41F4-823C-6945ACBB025C}"
EndProject
Project("{2150E333-8FDC-42A3-9474-1A3956D46DE8}") = "1-View", "1-View", "{B51AD516-D230-4DCA-BEF8-0EC4A2867003}"
EndProject
Project("{2150E333-8FDC-42A3-9474-1A3956D46DE8}") = "2-Presentation", "2-Presentation", "{4CD8EA4C-838D-4031-B732-474DAC29BF84}"
EndProject
Project("{2150E333-8FDC-42A3-9474-1A3956D46DE8}") = "3-DataAccess", "3-DataAccess", "{3938AECC-410F-4DE0-B00F-FB5E49EEE9DE}"
EndProject
Project("{2150E333-8FDC-42A3-9474-1A3956D46DE8}") = "4-DataStorage", "4-DataStorage", "{9459041E-5EED-441E-92BD-2A87A9980FED}"
EndProject
Project("{FAE04EC0-301F-11D3-BF4B-00C04F79EFBC}") = "InventorySales.Services", "InventorySales.Services\InventorySales.Services.csproj", "{FE036808-DB68-4483-8FB9-92227D468D8F}"
EndProject
Project("{FAE04EC0-301F-11D3-BF4B-00C04F79EFBC}") = "InventorySalesReader.Service", "InventorySalesReader.Service\InventorySalesReader.Service.csproj", "{E3B357A2-5298-4E1C-8323-90ACE74364D6}"
EndProject
Global
	GlobalSection(SolutionConfigurationPlatforms) = preSolution
		Debug|Any CPU = Debug|Any CPU
		Release|Any CPU = Release|Any CPU
	EndGlobalSection
	GlobalSection(ProjectConfigurationPlatforms) = postSolution
		{23078646-36D7-4434-8511-2E03CE7600A8}.Debug|Any CPU.ActiveCfg = Debug|Any CPU
		{23078646-36D7-4434-8511-2E03CE7600A8}.Debug|Any CPU.Build.0 = Debug|Any CPU
		{23078646-36D7-4434-8511-2E03CE7600A8}.Release|Any CPU.ActiveCfg = Release|Any CPU
		{23078646-36D7-4434-8511-2E03CE7600A8}.Release|Any CPU.Build.0 = Release|Any CPU
		{FE036808-DB68-4483-8FB9-92227D468D8F}.Debug|Any CPU.ActiveCfg = Debug|Any CPU
		{FE036808-DB68-4483-8FB9-92227D468D8F}.Debug|Any CPU.Build.0 = Debug|Any CPU
		{FE036808-DB68-4483-8FB9-92227D468D8F}.Release|Any CPU.ActiveCfg = Release|Any CPU
		{FE036808-DB68-4483-8FB9-92227D468D8F}.Release|Any CPU.Build.0 = Release|Any CPU
		{E3B357A2-5298-4E1C-8323-90ACE74364D6}.Debug|Any CPU.ActiveCfg = Debug|Any CPU
		{E3B357A2-5298-4E1C-8323-90ACE74364D6}.Debug|Any CPU.Build.0 = Debug|Any CPU
		{E3B357A2-5298-4E1C-8323-90ACE74364D6}.Release|Any CPU.ActiveCfg = Release|Any CPU
		{E3B357A2-5298-4E1C-8323-90ACE74364D6}.Release|Any CPU.Build.0 = Release|Any CPU
	EndGlobalSection
	GlobalSection(SolutionProperties) = preSolution
		HideSolutionNode = FALSE
	EndGlobalSection
	GlobalSection(NestedProjects) = preSolution
		{23078646-36D7-4434-8511-2E03CE7600A8} = {5086176D-854C-41F4-823C-6945ACBB025C}
		{FE036808-DB68-4483-8FB9-92227D468D8F} = {9459041E-5EED-441E-92BD-2A87A9980FED}
		{E3B357A2-5298-4E1C-8323-90ACE74364D6} = {3938AECC-410F-4DE0-B00F-FB5E49EEE9DE}
	EndGlobalSection
	GlobalSection(ExtensibilityGlobals) = postSolution
		SolutionGuid = {891F5D6C-27E0-4F14-9B1A-A16C172B9E6C}
	EndGlobalSection
EndGlobal
